<?xml version="1.0" encoding="utf-8"?>
<Project ToolsVersion="4.0" xmlns="http://schemas.microsoft.com/developer/msbuild/2003">
  <ItemGroup>
    <Filter Include="Source">
      <UniqueIdentifier>{46c357ec-d22f-4dba-b30b-ac06f92b44d7}</UniqueIdentifier>
    </Filter>
    <Filter Include="Platform">
      <UniqueIdentifier>{f3afdd20-4ac3-42d2-8bc9-57b5d211fc0f}</UniqueIdentifier>
    </Filter>
    <Filter Include="Eigenmath">
      <UniqueIdentifier>{51272eb1-07cb-4261-90ed-de981c30bd3a}</UniqueIdentifier>
    </Filter>
  </ItemGroup>
  <ItemGroup>
    <ClCompile Include="fxWrapper.c">
      <Filter>Platform</Filter>
    </ClCompile>
    <ClCompile Include="..\src\app.c">
      <Filter>Source</Filter>
    </ClCompile>
    <ClCompile Include="..\src\char6x8.c">
      <Filter>Source</Filter>
    </ClCompile>
    <ClCompile Include="..\src\fileProvider.c">
      <Filter>Source</Filter>
    </ClCompile>
    <ClCompile Include="..\src\graphProvider.c">
      <Filter>Source</Filter>
    </ClCompile>
    <ClCompile Include="..\src\inputProvider.c">
      <Filter>Source</Filter>
    </ClCompile>
    <ClCompile Include="..\src\fontProvider.c">
      <Filter>Source</Filter>
    </ClCompile>
    <ClCompile Include="..\src\eigenmath\symbol.c">
      <Filter>Eigenmath</Filter>
    </ClCompile>
    <ClCompile Include="..\src\eigenmath\tan.c">
      <Filter>Eigenmath</Filter>
    </ClCompile>
    <ClCompile Include="..\src\eigenmath\tanh.c">
      <Filter>Eigenmath</Filter>
    </ClCompile>
    <ClCompile Include="..\src\eigenmath\taylor.c">
      <Filter>Eigenmath</Filter>
    </ClCompile>
    <ClCompile Include="..\src\eigenmath\tensor.c">
      <Filter>Eigenmath</Filter>
    </ClCompile>
    <ClCompile Include="..\src\eigenmath\test.c">
      <Filter>Eigenmath</Filter>
    </ClCompile>
    <ClCompile Include="..\src\eigenmath\transform.c">
      <Filter>Eigenmath</Filter>
    </ClCompile>
    <ClCompile Include="..\src\eigenmath\transpose.c">
      <Filter>Eigenmath</Filter>
    </ClCompile>
    <ClCompile Include="..\src\eigenmath\userfunc.c">
      <Filter>Eigenmath</Filter>
    </ClCompile>
    <ClCompile Include="..\src\eigenmath\variables.c">
      <Filter>Eigenmath</Filter>
    </ClCompile>
    <ClCompile Include="..\src\eigenmath\vectorize.c">
      <Filter>Eigenmath</Filter>
    </ClCompile>
    <ClCompile Include="..\src\eigenmath\zero.c">
      <Filter>Eigenmath</Filter>
    </ClCompile>
    <ClCompile Include="..\src\eigenmath\abs.c">
      <Filter>Eigenmath</Filter>
    </ClCompile>
    <ClCompile Include="..\src\eigenmath\add.c">
      <Filter>Eigenmath</Filter>
    </ClCompile>
    <ClCompile Include="..\src\eigenmath\adj.c">
      <Filter>Eigenmath</Filter>
    </ClCompile>
    <ClCompile Include="..\src\eigenmath\alloc.c">
      <Filter>Eigenmath</Filter>
    </ClCompile>
    <ClCompile Include="..\src\eigenmath\append.c">
      <Filter>Eigenmath</Filter>
    </ClCompile>
    <ClCompile Include="..\src\eigenmath\arccos.c">
      <Filter>Eigenmath</Filter>
    </ClCompile>
    <ClCompile Include="..\src\eigenmath\arccosh.c">
      <Filter>Eigenmath</Filter>
    </ClCompile>
    <ClCompile Include="..\src\eigenmath\arcsin.c">
      <Filter>Eigenmath</Filter>
    </ClCompile>
    <ClCompile Include="..\src\eigenmath\arcsinh.c">
      <Filter>Eigenmath</Filter>
    </ClCompile>
    <ClCompile Include="..\src\eigenmath\arctan.c">
      <Filter>Eigenmath</Filter>
    </ClCompile>
    <ClCompile Include="..\src\eigenmath\arctanh.c">
      <Filter>Eigenmath</Filter>
    </ClCompile>
    <ClCompile Include="..\src\eigenmath\arg.c">
      <Filter>Eigenmath</Filter>
    </ClCompile>
    <ClCompile Include="..\src\eigenmath\bake.c">
      <Filter>Eigenmath</Filter>
    </ClCompile>
    <ClCompile Include="..\src\eigenmath\besselj.c">
      <Filter>Eigenmath</Filter>
    </ClCompile>
    <ClCompile Include="..\src\eigenmath\bessely.c">
      <Filter>Eigenmath</Filter>
    </ClCompile>
    <ClCompile Include="..\src\eigenmath\bignum.c">
      <Filter>Eigenmath</Filter>
    </ClCompile>
    <ClCompile Include="..\src\eigenmath\binomial.c">
      <Filter>Eigenmath</Filter>
    </ClCompile>
    <ClCompile Include="..\src\eigenmath\ceiling.c">
      <Filter>Eigenmath</Filter>
    </ClCompile>
    <ClCompile Include="..\src\eigenmath\choose.c">
      <Filter>Eigenmath</Filter>
    </ClCompile>
    <ClCompile Include="..\src\eigenmath\circexp.c">
      <Filter>Eigenmath</Filter>
    </ClCompile>
    <ClCompile Include="..\src\eigenmath\clear.c">
      <Filter>Eigenmath</Filter>
    </ClCompile>
    <ClCompile Include="..\src\eigenmath\clock.c">
      <Filter>Eigenmath</Filter>
    </ClCompile>
    <ClCompile Include="..\src\eigenmath\coeff.c">
      <Filter>Eigenmath</Filter>
    </ClCompile>
    <ClCompile Include="..\src\eigenmath\cofactor.c">
      <Filter>Eigenmath</Filter>
    </ClCompile>
    <ClCompile Include="..\src\eigenmath\condense.c">
      <Filter>Eigenmath</Filter>
    </ClCompile>
    <ClCompile Include="..\src\eigenmath\conj.c">
      <Filter>Eigenmath</Filter>
    </ClCompile>
    <ClCompile Include="..\src\eigenmath\cons.c">
      <Filter>Eigenmath</Filter>
    </ClCompile>
    <ClCompile Include="..\src\eigenmath\contract.c">
      <Filter>Eigenmath</Filter>
    </ClCompile>
    <ClCompile Include="..\src\eigenmath\cos.c">
      <Filter>Eigenmath</Filter>
    </ClCompile>
    <ClCompile Include="..\src\eigenmath\cosh.c">
      <Filter>Eigenmath</Filter>
    </ClCompile>
    <ClCompile Include="..\src\eigenmath\data.c">
      <Filter>Eigenmath</Filter>
    </ClCompile>
    <ClCompile Include="..\src\eigenmath\decomp.c">
      <Filter>Eigenmath</Filter>
    </ClCompile>
    <ClCompile Include="..\src\eigenmath\define.c">
      <Filter>Eigenmath</Filter>
    </ClCompile>
    <ClCompile Include="..\src\eigenmath\defint.c">
      <Filter>Eigenmath</Filter>
    </ClCompile>
    <ClCompile Include="..\src\eigenmath\degree.c">
      <Filter>Eigenmath</Filter>
    </ClCompile>
    <ClCompile Include="..\src\eigenmath\denominator.c">
      <Filter>Eigenmath</Filter>
    </ClCompile>
    <ClCompile Include="..\src\eigenmath\derivative.c">
      <Filter>Eigenmath</Filter>
    </ClCompile>
    <ClCompile Include="..\src\eigenmath\det.c">
      <Filter>Eigenmath</Filter>
    </ClCompile>
    <ClCompile Include="..\src\eigenmath\dirac.c">
      <Filter>Eigenmath</Filter>
    </ClCompile>
    <ClCompile Include="..\src\eigenmath\display.c">
      <Filter>Eigenmath</Filter>
    </ClCompile>
    <ClCompile Include="..\src\eigenmath\distill.c">
      <Filter>Eigenmath</Filter>
    </ClCompile>
    <ClCompile Include="..\src\eigenmath\divisors.c">
      <Filter>Eigenmath</Filter>
    </ClCompile>
    <ClCompile Include="..\src\eigenmath\dpow.c">
      <Filter>Eigenmath</Filter>
    </ClCompile>
    <ClCompile Include="..\src\eigenmath\draw.c">
      <Filter>Eigenmath</Filter>
    </ClCompile>
    <ClCompile Include="..\src\eigenmath\dsolve.c">
      <Filter>Eigenmath</Filter>
    </ClCompile>
    <ClCompile Include="..\src\eigenmath\eigen.c">
      <Filter>Eigenmath</Filter>
    </ClCompile>
    <ClCompile Include="..\src\eigenmath\erf.c">
      <Filter>Eigenmath</Filter>
    </ClCompile>
    <ClCompile Include="..\src\eigenmath\erfc.c">
      <Filter>Eigenmath</Filter>
    </ClCompile>
    <ClCompile Include="..\src\eigenmath\eval.c">
      <Filter>Eigenmath</Filter>
    </ClCompile>
    <ClCompile Include="..\src\eigenmath\expand.c">
      <Filter>Eigenmath</Filter>
    </ClCompile>
    <ClCompile Include="..\src\eigenmath\expcos.c">
      <Filter>Eigenmath</Filter>
    </ClCompile>
    <ClCompile Include="..\src\eigenmath\expsin.c">
      <Filter>Eigenmath</Filter>
    </ClCompile>
    <ClCompile Include="..\src\eigenmath\factor.c">
      <Filter>Eigenmath</Filter>
    </ClCompile>
    <ClCompile Include="..\src\eigenmath\factorial.c">
      <Filter>Eigenmath</Filter>
    </ClCompile>
    <ClCompile Include="..\src\eigenmath\factorpoly.c">
      <Filter>Eigenmath</Filter>
    </ClCompile>
    <ClCompile Include="..\src\eigenmath\factors.c">
      <Filter>Eigenmath</Filter>
    </ClCompile>
    <ClCompile Include="..\src\eigenmath\filter.c">
      <Filter>Eigenmath</Filter>
    </ClCompile>
    <ClCompile Include="..\src\eigenmath\find.c">
      <Filter>Eigenmath</Filter>
    </ClCompile>
    <ClCompile Include="..\src\eigenmath\float.c">
      <Filter>Eigenmath</Filter>
    </ClCompile>
    <ClCompile Include="..\src\eigenmath\floor.c">
      <Filter>Eigenmath</Filter>
    </ClCompile>
    <ClCompile Include="..\src\eigenmath\for.c">
      <Filter>Eigenmath</Filter>
    </ClCompile>
    <ClCompile Include="..\src\eigenmath\gamma.c">
      <Filter>Eigenmath</Filter>
    </ClCompile>
    <ClCompile Include="..\src\eigenmath\gcd.c">
      <Filter>Eigenmath</Filter>
    </ClCompile>
    <ClCompile Include="..\src\eigenmath\guess.c">
      <Filter>Eigenmath</Filter>
    </ClCompile>
    <ClCompile Include="..\src\eigenmath\hermite.c">
      <Filter>Eigenmath</Filter>
    </ClCompile>
    <ClCompile Include="..\src\eigenmath\hilbert.c">
      <Filter>Eigenmath</Filter>
    </ClCompile>
    <ClCompile Include="..\src\eigenmath\imag.c">
      <Filter>Eigenmath</Filter>
    </ClCompile>
    <ClCompile Include="..\src\eigenmath\index.c">
      <Filter>Eigenmath</Filter>
    </ClCompile>
    <ClCompile Include="..\src\eigenmath\init.c">
      <Filter>Eigenmath</Filter>
    </ClCompile>
    <ClCompile Include="..\src\eigenmath\inner.c">
      <Filter>Eigenmath</Filter>
    </ClCompile>
    <ClCompile Include="..\src\eigenmath\integral.c">
      <Filter>Eigenmath</Filter>
    </ClCompile>
    <ClCompile Include="..\src\eigenmath\inv.c">
      <Filter>Eigenmath</Filter>
    </ClCompile>
    <ClCompile Include="..\src\eigenmath\is.c">
      <Filter>Eigenmath</Filter>
    </ClCompile>
    <ClCompile Include="..\src\eigenmath\isprime.c">
      <Filter>Eigenmath</Filter>
    </ClCompile>
    <ClCompile Include="..\src\eigenmath\itab.c">
      <Filter>Eigenmath</Filter>
    </ClCompile>
    <ClCompile Include="..\src\eigenmath\itest.c">
      <Filter>Eigenmath</Filter>
    </ClCompile>
    <ClCompile Include="..\src\eigenmath\laguerre.c">
      <Filter>Eigenmath</Filter>
    </ClCompile>
    <ClCompile Include="..\src\eigenmath\laplace.c">
      <Filter>Eigenmath</Filter>
    </ClCompile>
    <ClCompile Include="..\src\eigenmath\lcm.c">
      <Filter>Eigenmath</Filter>
    </ClCompile>
    <ClCompile Include="..\src\eigenmath\leading.c">
      <Filter>Eigenmath</Filter>
    </ClCompile>
    <ClCompile Include="..\src\eigenmath\legendre.c">
      <Filter>Eigenmath</Filter>
    </ClCompile>
    <ClCompile Include="..\src\eigenmath\list.c">
      <Filter>Eigenmath</Filter>
    </ClCompile>
    <ClCompile Include="..\src\eigenmath\log.c">
      <Filter>Eigenmath</Filter>
    </ClCompile>
    <ClCompile Include="..\src\eigenmath\madd.c">
      <Filter>Eigenmath</Filter>
    </ClCompile>
    <ClCompile Include="..\src\eigenmath\mag.c">
      <Filter>Eigenmath</Filter>
    </ClCompile>
    <ClCompile Include="..\src\eigenmath\mcmp.c">
      <Filter>Eigenmath</Filter>
    </ClCompile>
    <ClCompile Include="..\src\eigenmath\mfactor.c">
      <Filter>Eigenmath</Filter>
    </ClCompile>
    <ClCompile Include="..\src\eigenmath\mgcd.c">
      <Filter>Eigenmath</Filter>
    </ClCompile>
    <ClCompile Include="..\src\eigenmath\mini-test.c">
      <Filter>Eigenmath</Filter>
    </ClCompile>
    <ClCompile Include="..\src\eigenmath\misc.c">
      <Filter>Eigenmath</Filter>
    </ClCompile>
    <ClCompile Include="..\src\eigenmath\mmodpow.c">
      <Filter>Eigenmath</Filter>
    </ClCompile>
    <ClCompile Include="..\src\eigenmath\mmul.c">
      <Filter>Eigenmath</Filter>
    </ClCompile>
    <ClCompile Include="..\src\eigenmath\mod.c">
      <Filter>Eigenmath</Filter>
    </ClCompile>
    <ClCompile Include="..\src\eigenmath\mpow.c">
      <Filter>Eigenmath</Filter>
    </ClCompile>
    <ClCompile Include="..\src\eigenmath\mprime.c">
      <Filter>Eigenmath</Filter>
    </ClCompile>
    <ClCompile Include="..\src\eigenmath\mroot.c">
      <Filter>Eigenmath</Filter>
    </ClCompile>
    <ClCompile Include="..\src\eigenmath\mscan.c">
      <Filter>Eigenmath</Filter>
    </ClCompile>
    <ClCompile Include="..\src\eigenmath\msqrt.c">
      <Filter>Eigenmath</Filter>
    </ClCompile>
    <ClCompile Include="..\src\eigenmath\mstr.c">
      <Filter>Eigenmath</Filter>
    </ClCompile>
    <ClCompile Include="..\src\eigenmath\multiply.c">
      <Filter>Eigenmath</Filter>
    </ClCompile>
    <ClCompile Include="..\src\eigenmath\nroots.c">
      <Filter>Eigenmath</Filter>
    </ClCompile>
    <ClCompile Include="..\src\eigenmath\numerator.c">
      <Filter>Eigenmath</Filter>
    </ClCompile>
    <ClCompile Include="..\src\eigenmath\outer.c">
      <Filter>Eigenmath</Filter>
    </ClCompile>
    <ClCompile Include="..\src\eigenmath\partition.c">
      <Filter>Eigenmath</Filter>
    </ClCompile>
    <ClCompile Include="..\src\eigenmath\polar.c">
      <Filter>Eigenmath</Filter>
    </ClCompile>
    <ClCompile Include="..\src\eigenmath\pollard.c">
      <Filter>Eigenmath</Filter>
    </ClCompile>
    <ClCompile Include="..\src\eigenmath\power.c">
      <Filter>Eigenmath</Filter>
    </ClCompile>
    <ClCompile Include="..\src\eigenmath\prime.c">
      <Filter>Eigenmath</Filter>
    </ClCompile>
    <ClCompile Include="..\src\eigenmath\primetab.c">
      <Filter>Eigenmath</Filter>
    </ClCompile>
    <ClCompile Include="..\src\eigenmath\print.c">
      <Filter>Eigenmath</Filter>
    </ClCompile>
    <ClCompile Include="..\src\eigenmath\product.c">
      <Filter>Eigenmath</Filter>
    </ClCompile>
    <ClCompile Include="..\src\eigenmath\qadd.c">
      <Filter>Eigenmath</Filter>
    </ClCompile>
    <ClCompile Include="..\src\eigenmath\qdiv.c">
      <Filter>Eigenmath</Filter>
    </ClCompile>
    <ClCompile Include="..\src\eigenmath\qmul.c">
      <Filter>Eigenmath</Filter>
    </ClCompile>
    <ClCompile Include="..\src\eigenmath\qpow.c">
      <Filter>Eigenmath</Filter>
    </ClCompile>
    <ClCompile Include="..\src\eigenmath\qsub.c">
      <Filter>Eigenmath</Filter>
    </ClCompile>
    <ClCompile Include="..\src\eigenmath\quickfactor.c">
      <Filter>Eigenmath</Filter>
    </ClCompile>
    <ClCompile Include="..\src\eigenmath\quotient.c">
      <Filter>Eigenmath</Filter>
    </ClCompile>
    <ClCompile Include="..\src\eigenmath\rationalize.c">
      <Filter>Eigenmath</Filter>
    </ClCompile>
    <ClCompile Include="..\src\eigenmath\real.c">
      <Filter>Eigenmath</Filter>
    </ClCompile>
    <ClCompile Include="..\src\eigenmath\rect.c">
      <Filter>Eigenmath</Filter>
    </ClCompile>
    <ClCompile Include="..\src\eigenmath\rewrite.c">
      <Filter>Eigenmath</Filter>
    </ClCompile>
    <ClCompile Include="..\src\eigenmath\roots.c">
      <Filter>Eigenmath</Filter>
    </ClCompile>
    <ClCompile Include="..\src\eigenmath\run.c">
      <Filter>Eigenmath</Filter>
    </ClCompile>
    <ClCompile Include="..\src\eigenmath\scan.c">
      <Filter>Eigenmath</Filter>
    </ClCompile>
    <ClCompile Include="..\src\eigenmath\selftest.c">
      <Filter>Eigenmath</Filter>
    </ClCompile>
    <ClCompile Include="..\src\eigenmath\sgn.c">
      <Filter>Eigenmath</Filter>
    </ClCompile>
    <ClCompile Include="..\src\eigenmath\simfac.c">
      <Filter>Eigenmath</Filter>
    </ClCompile>
    <ClCompile Include="..\src\eigenmath\simplify.c">
      <Filter>Eigenmath</Filter>
    </ClCompile>
    <ClCompile Include="..\src\eigenmath\sin.c">
      <Filter>Eigenmath</Filter>
    </ClCompile>
    <ClCompile Include="..\src\eigenmath\sinh.c">
      <Filter>Eigenmath</Filter>
    </ClCompile>
    <ClCompile Include="..\src\eigenmath\stack.c">
      <Filter>Eigenmath</Filter>
    </ClCompile>
    <ClCompile Include="..\src\eigenmath\subst.c">
      <Filter>Eigenmath</Filter>
    </ClCompile>
    <ClCompile Include="..\src\eigenmath\sum.c">
      <Filter>Eigenmath</Filter>
    </ClCompile>
    <ClCompile Include="..\src\eigenmath\io.c">
      <Filter>Eigenmath</Filter>
    </ClCompile>
  </ItemGroup>
  <ItemGroup>
    <ClInclude Include="..\src\fileProvider.h">
      <Filter>Source</Filter>
    </ClInclude>
    <ClInclude Include="..\src\graphProvider.h">
      <Filter>Source</Filter>
    </ClInclude>
    <ClInclude Include="..\src\inputProvider.h">
      <Filter>Source</Filter>
    </ClInclude>
    <ClInclude Include="..\src\platform.h">
      <Filter>Source</Filter>
    </ClInclude>
    <ClInclude Include="..\src\fontProvider.h">
      <Filter>Source</Filter>
    </ClInclude>
    <ClInclude Include="..\src\eigenmath\defs.h">
      <Filter>Eigenmath</Filter>
    </ClInclude>
    <ClInclude Include="..\src\eigenmath\help.h">
      <Filter>Eigenmath</Filter>
    </ClInclude>
    <ClInclude Include="..\src\eigenmath\prototypes.h">
      <Filter>Eigenmath</Filter>
    </ClInclude>
    <ClInclude Include="..\src\eigenmath\selftest.h">
      <Filter>Eigenmath</Filter>
    </ClInclude>
    <ClInclude Include="..\src\eigenmath\stdafx.h">
      <Filter>Eigenmath</Filter>
    </ClInclude>
  </ItemGroup>
</Project>