<?xml version="1.0" encoding="utf-8"?>
<Project ToolsVersion="4.0" xmlns="http://schemas.microsoft.com/developer/msbuild/2003">
  <ItemGroup>
    <Filter Include="Source">
      <UniqueIdentifier>{46c357ec-d22f-4dba-b30b-ac06f92b44d7}</UniqueIdentifier>
    </Filter>
    <Filter Include="Platform">
      <UniqueIdentifier>{f3afdd20-4ac3-42d2-8bc9-57b5d211fc0f}</UniqueIdentifier>
    </Filter>
  </ItemGroup>
  <ItemGroup>
    <ClCompile Include="fxWrapper.c">
      <Filter>Platform</Filter>
    </ClCompile>
    <ClCompile Include="..\src\app.c">
      <Filter>Source</Filter>
    </ClCompile>
    <ClCompile Include="..\src\char6x8.c">
      <Filter>Source</Filter>
    </ClCompile>
    <ClCompile Include="..\src\fileProvider.c">
      <Filter>Source</Filter>
    </ClCompile>
    <ClCompile Include="..\src\graphProvider.c">
      <Filter>Source</Filter>
    </ClCompile>
    <ClCompile Include="..\src\inputProvider.c">
      <Filter>Source</Filter>
    </ClCompile>
    <ClCompile Include="..\src\fontProvider.c">
      <Filter>Source</Filter>
    </ClCompile>
  </ItemGroup>
  <ItemGroup>
    <ClInclude Include="..\src\fileProvider.h">
      <Filter>Source</Filter>
    </ClInclude>
    <ClInclude Include="..\src\graphProvider.h">
      <Filter>Source</Filter>
    </ClInclude>
    <ClInclude Include="..\src\inputProvider.h">
      <Filter>Source</Filter>
    </ClInclude>
    <ClInclude Include="..\src\platform.h">
      <Filter>Source</Filter>
    </ClInclude>
    <ClInclude Include="..\src\fontProvider.h">
      <Filter>Source</Filter>
    </ClInclude>
  </ItemGroup>
</Project>